// !$*UTF8*$!
{
	archiveVersion = 1;
	classes = {
	};
	objectVersion = 56;
	objects = {

/* Begin PBXBuildFile section */
		6E567E132BC56D2800250C56 /* AppDelegate.swift in Sources */ = {isa = PBXBuildFile; fileRef = 6E567E122BC56D2800250C56 /* AppDelegate.swift */; };
		6E567E152BC56D2800250C56 /* SceneDelegate.swift in Sources */ = {isa = PBXBuildFile; fileRef = 6E567E142BC56D2800250C56 /* SceneDelegate.swift */; };
		6E567E172BC56D2800250C56 /* ViewController.swift in Sources */ = {isa = PBXBuildFile; fileRef = 6E567E162BC56D2800250C56 /* ViewController.swift */; };
		6E567E1C2BC56D2B00250C56 /* Assets.xcassets in Resources */ = {isa = PBXBuildFile; fileRef = 6E567E1B2BC56D2B00250C56 /* Assets.xcassets */; };
		6E567E1F2BC56D2B00250C56 /* Base in Resources */ = {isa = PBXBuildFile; fileRef = 6E567E1E2BC56D2B00250C56 /* Base */; };
		6E567E392BC66DCC00250C56 /* APIKey.swift in Sources */ = {isa = PBXBuildFile; fileRef = 6E567E382BC66DCC00250C56 /* APIKey.swift */; };
/* End PBXBuildFile section */

/* Begin PBXFileReference section */
		6E567E0F2BC56D2800250C56 /* KeyCat.app */ = {isa = PBXFileReference; explicitFileType = wrapper.application; includeInIndex = 0; path = KeyCat.app; sourceTree = BUILT_PRODUCTS_DIR; };
		6E567E122BC56D2800250C56 /* AppDelegate.swift */ = {isa = PBXFileReference; lastKnownFileType = sourcecode.swift; path = AppDelegate.swift; sourceTree = "<group>"; };
		6E567E142BC56D2800250C56 /* SceneDelegate.swift */ = {isa = PBXFileReference; lastKnownFileType = sourcecode.swift; path = SceneDelegate.swift; sourceTree = "<group>"; };
		6E567E162BC56D2800250C56 /* ViewController.swift */ = {isa = PBXFileReference; lastKnownFileType = sourcecode.swift; path = ViewController.swift; sourceTree = "<group>"; };
		6E567E1B2BC56D2B00250C56 /* Assets.xcassets */ = {isa = PBXFileReference; lastKnownFileType = folder.assetcatalog; path = Assets.xcassets; sourceTree = "<group>"; };
		6E567E1E2BC56D2B00250C56 /* Base */ = {isa = PBXFileReference; lastKnownFileType = file.storyboard; name = Base; path = Base.lproj/LaunchScreen.storyboard; sourceTree = "<group>"; };
		6E567E202BC56D2B00250C56 /* Info.plist */ = {isa = PBXFileReference; lastKnownFileType = text.plist.xml; path = Info.plist; sourceTree = "<group>"; };
		6E567E382BC66DCC00250C56 /* APIKey.swift */ = {isa = PBXFileReference; lastKnownFileType = sourcecode.swift; path = APIKey.swift; sourceTree = "<group>"; };
/* End PBXFileReference section */

/* Begin PBXFrameworksBuildPhase section */
		6E567E0C2BC56D2800250C56 /* Frameworks */ = {
			isa = PBXFrameworksBuildPhase;
			buildActionMask = 2147483647;
			files = (
			);
			runOnlyForDeploymentPostprocessing = 0;
		};
/* End PBXFrameworksBuildPhase section */

/* Begin PBXGroup section */
		6E567E062BC56D2800250C56 = {
			isa = PBXGroup;
			children = (
				6E567E112BC56D2800250C56 /* KeyCat */,
				6E567E102BC56D2800250C56 /* Products */,
			);
			sourceTree = "<group>";
		};
		6E567E102BC56D2800250C56 /* Products */ = {
			isa = PBXGroup;
			children = (
				6E567E0F2BC56D2800250C56 /* KeyCat.app */,
			);
			name = Products;
			sourceTree = "<group>";
		};
		6E567E112BC56D2800250C56 /* KeyCat */ = {
			isa = PBXGroup;
			children = (
				6E567E342BC66D7000250C56 /* Resource */,
				6E567E2B2BC5784E00250C56 /* Utility */,
				6E567E2A2BC5784200250C56 /* Presentation */,
				6E567E292BC5783F00250C56 /* Domain */,
				6E567E282BC5783D00250C56 /* Data */,
				6E567E272BC5783B00250C56 /* Config */,
				6E567E262BC5783700250C56 /* App */,
			);
			path = KeyCat;
			sourceTree = "<group>";
		};
		6E567E262BC5783700250C56 /* App */ = {
			isa = PBXGroup;
			children = (
				6E567E122BC56D2800250C56 /* AppDelegate.swift */,
				6E567E142BC56D2800250C56 /* SceneDelegate.swift */,
			);
			path = App;
			sourceTree = "<group>";
		};
		6E567E272BC5783B00250C56 /* Config */ = {
			isa = PBXGroup;
			children = (
				6E567E202BC56D2B00250C56 /* Info.plist */,
			);
			path = Config;
			sourceTree = "<group>";
		};
		6E567E282BC5783D00250C56 /* Data */ = {
			isa = PBXGroup;
			children = (
				6E567E372BC66DC100250C56 /* Repository */,
				6E567E362BC66DBA00250C56 /* DTO */,
				6E567E352BC66DB800250C56 /* Network */,
			);
			path = Data;
			sourceTree = "<group>";
		};
		6E567E292BC5783F00250C56 /* Domain */ = {
			isa = PBXGroup;
			children = (
			);
			path = Domain;
			sourceTree = "<group>";
		};
		6E567E2A2BC5784200250C56 /* Presentation */ = {
			isa = PBXGroup;
			children = (
				6E567E162BC56D2800250C56 /* ViewController.swift */,
				6E567E2E2BC5787800250C56 /* Common */,
				6E567E322BC66D3D00250C56 /* Main */,
			);
			path = Presentation;
			sourceTree = "<group>";
		};
		6E567E2B2BC5784E00250C56 /* Utility */ = {
			isa = PBXGroup;
			children = (
				6E567E312BC5788B00250C56 /* Extension */,
				6E567E302BC5788700250C56 /* Constant */,
			);
			path = Utility;
			sourceTree = "<group>";
		};
		6E567E2D2BC5787300250C56 /* DesignSystem */ = {
			isa = PBXGroup;
			children = (
			);
			path = DesignSystem;
			sourceTree = "<group>";
		};
		6E567E2E2BC5787800250C56 /* Common */ = {
			isa = PBXGroup;
			children = (
				6E567E332BC66D4600250C56 /* Protocol */,
				6E567E2D2BC5787300250C56 /* DesignSystem */,
				6E567E2F2BC5787C00250C56 /* Base */,
			);
			path = Common;
			sourceTree = "<group>";
		};
		6E567E2F2BC5787C00250C56 /* Base */ = {
			isa = PBXGroup;
			children = (
			);
			path = Base;
			sourceTree = "<group>";
		};
		6E567E302BC5788700250C56 /* Constant */ = {
			isa = PBXGroup;
			children = (
			);
			path = Constant;
			sourceTree = "<group>";
		};
		6E567E312BC5788B00250C56 /* Extension */ = {
			isa = PBXGroup;
			children = (
			);
			path = Extension;
			sourceTree = "<group>";
		};
		6E567E322BC66D3D00250C56 /* Main */ = {
			isa = PBXGroup;
			children = (
			);
			path = Main;
			sourceTree = "<group>";
		};
		6E567E332BC66D4600250C56 /* Protocol */ = {
			isa = PBXGroup;
			children = (
			);
			path = Protocol;
			sourceTree = "<group>";
		};
		6E567E342BC66D7000250C56 /* Resource */ = {
			isa = PBXGroup;
			children = (
				6E567E1D2BC56D2B00250C56 /* LaunchScreen.storyboard */,
				6E567E1B2BC56D2B00250C56 /* Assets.xcassets */,
			);
			path = Resource;
			sourceTree = "<group>";
		};
		6E567E352BC66DB800250C56 /* Network */ = {
			isa = PBXGroup;
			children = (
				6E567E382BC66DCC00250C56 /* APIKey.swift */,
			);
			path = Network;
			sourceTree = "<group>";
		};
		6E567E362BC66DBA00250C56 /* DTO */ = {
			isa = PBXGroup;
			children = (
			);
			path = DTO;
			sourceTree = "<group>";
		};
		6E567E372BC66DC100250C56 /* Repository */ = {
			isa = PBXGroup;
			children = (
			);
			path = Repository;
			sourceTree = "<group>";
		};
/* End PBXGroup section */

/* Begin PBXNativeTarget section */
		6E567E0E2BC56D2800250C56 /* KeyCat */ = {
			isa = PBXNativeTarget;
			buildConfigurationList = 6E567E232BC56D2B00250C56 /* Build configuration list for PBXNativeTarget "KeyCat" */;
			buildPhases = (
				6E567E0B2BC56D2800250C56 /* Sources */,
				6E567E0C2BC56D2800250C56 /* Frameworks */,
				6E567E0D2BC56D2800250C56 /* Resources */,
			);
			buildRules = (
			);
			dependencies = (
			);
			name = KeyCat;
			productName = KeyCat;
			productReference = 6E567E0F2BC56D2800250C56 /* KeyCat.app */;
			productType = "com.apple.product-type.application";
		};
/* End PBXNativeTarget section */

/* Begin PBXProject section */
		6E567E072BC56D2800250C56 /* Project object */ = {
			isa = PBXProject;
			attributes = {
				BuildIndependentTargetsInParallel = 1;
				LastSwiftUpdateCheck = 1530;
				LastUpgradeCheck = 1530;
				TargetAttributes = {
					6E567E0E2BC56D2800250C56 = {
						CreatedOnToolsVersion = 15.3;
					};
				};
			};
			buildConfigurationList = 6E567E0A2BC56D2800250C56 /* Build configuration list for PBXProject "KeyCat" */;
			compatibilityVersion = "Xcode 14.0";
			developmentRegion = en;
			hasScannedForEncodings = 0;
			knownRegions = (
				en,
				Base,
			);
			mainGroup = 6E567E062BC56D2800250C56;
			productRefGroup = 6E567E102BC56D2800250C56 /* Products */;
			projectDirPath = "";
			projectRoot = "";
			targets = (
				6E567E0E2BC56D2800250C56 /* KeyCat */,
			);
		};
/* End PBXProject section */

/* Begin PBXResourcesBuildPhase section */
		6E567E0D2BC56D2800250C56 /* Resources */ = {
			isa = PBXResourcesBuildPhase;
			buildActionMask = 2147483647;
			files = (
				6E567E1C2BC56D2B00250C56 /* Assets.xcassets in Resources */,
				6E567E1F2BC56D2B00250C56 /* Base in Resources */,
			);
			runOnlyForDeploymentPostprocessing = 0;
		};
/* End PBXResourcesBuildPhase section */

/* Begin PBXSourcesBuildPhase section */
		6E567E0B2BC56D2800250C56 /* Sources */ = {
			isa = PBXSourcesBuildPhase;
			buildActionMask = 2147483647;
			files = (
				6E567E172BC56D2800250C56 /* ViewController.swift in Sources */,
				6E567E132BC56D2800250C56 /* AppDelegate.swift in Sources */,
				6E567E392BC66DCC00250C56 /* APIKey.swift in Sources */,
				6E567E152BC56D2800250C56 /* SceneDelegate.swift in Sources */,
			);
			runOnlyForDeploymentPostprocessing = 0;
		};
/* End PBXSourcesBuildPhase section */

/* Begin PBXVariantGroup section */
		6E567E1D2BC56D2B00250C56 /* LaunchScreen.storyboard */ = {
			isa = PBXVariantGroup;
			children = (
				6E567E1E2BC56D2B00250C56 /* Base */,
			);
			name = LaunchScreen.storyboard;
			sourceTree = "<group>";
		};
/* End PBXVariantGroup section */

/* Begin XCBuildConfiguration section */
		6E567E212BC56D2B00250C56 /* Debug */ = {
			isa = XCBuildConfiguration;
			buildSettings = {
				ALWAYS_SEARCH_USER_PATHS = NO;
				ASSETCATALOG_COMPILER_GENERATE_SWIFT_ASSET_SYMBOL_EXTENSIONS = YES;
				CLANG_ANALYZER_NONNULL = YES;
				CLANG_ANALYZER_NUMBER_OBJECT_CONVERSION = YES_AGGRESSIVE;
				CLANG_CXX_LANGUAGE_STANDARD = "gnu++20";
				CLANG_ENABLE_MODULES = YES;
				CLANG_ENABLE_OBJC_ARC = YES;
				CLANG_ENABLE_OBJC_WEAK = YES;
				CLANG_WARN_BLOCK_CAPTURE_AUTORELEASING = YES;
				CLANG_WARN_BOOL_CONVERSION = YES;
				CLANG_WARN_COMMA = YES;
				CLANG_WARN_CONSTANT_CONVERSION = YES;
				CLANG_WARN_DEPRECATED_OBJC_IMPLEMENTATIONS = YES;
				CLANG_WARN_DIRECT_OBJC_ISA_USAGE = YES_ERROR;
				CLANG_WARN_DOCUMENTATION_COMMENTS = YES;
				CLANG_WARN_EMPTY_BODY = YES;
				CLANG_WARN_ENUM_CONVERSION = YES;
				CLANG_WARN_INFINITE_RECURSION = YES;
				CLANG_WARN_INT_CONVERSION = YES;
				CLANG_WARN_NON_LITERAL_NULL_CONVERSION = YES;
				CLANG_WARN_OBJC_IMPLICIT_RETAIN_SELF = YES;
				CLANG_WARN_OBJC_LITERAL_CONVERSION = YES;
				CLANG_WARN_OBJC_ROOT_CLASS = YES_ERROR;
				CLANG_WARN_QUOTED_INCLUDE_IN_FRAMEWORK_HEADER = YES;
				CLANG_WARN_RANGE_LOOP_ANALYSIS = YES;
				CLANG_WARN_STRICT_PROTOTYPES = YES;
				CLANG_WARN_SUSPICIOUS_MOVE = YES;
				CLANG_WARN_UNGUARDED_AVAILABILITY = YES_AGGRESSIVE;
				CLANG_WARN_UNREACHABLE_CODE = YES;
				CLANG_WARN__DUPLICATE_METHOD_MATCH = YES;
				COPY_PHASE_STRIP = NO;
				DEBUG_INFORMATION_FORMAT = dwarf;
				ENABLE_STRICT_OBJC_MSGSEND = YES;
				ENABLE_TESTABILITY = YES;
				ENABLE_USER_SCRIPT_SANDBOXING = YES;
				GCC_C_LANGUAGE_STANDARD = gnu17;
				GCC_DYNAMIC_NO_PIC = NO;
				GCC_NO_COMMON_BLOCKS = YES;
				GCC_OPTIMIZATION_LEVEL = 0;
				GCC_PREPROCESSOR_DEFINITIONS = (
					"DEBUG=1",
					"$(inherited)",
				);
				GCC_WARN_64_TO_32_BIT_CONVERSION = YES;
				GCC_WARN_ABOUT_RETURN_TYPE = YES_ERROR;
				GCC_WARN_UNDECLARED_SELECTOR = YES;
				GCC_WARN_UNINITIALIZED_AUTOS = YES_AGGRESSIVE;
				GCC_WARN_UNUSED_FUNCTION = YES;
				GCC_WARN_UNUSED_VARIABLE = YES;
				IPHONEOS_DEPLOYMENT_TARGET = 16.0;
				LOCALIZATION_PREFERS_STRING_CATALOGS = YES;
				MTL_ENABLE_DEBUG_INFO = INCLUDE_SOURCE;
				MTL_FAST_MATH = YES;
				ONLY_ACTIVE_ARCH = YES;
				SDKROOT = iphoneos;
				SWIFT_ACTIVE_COMPILATION_CONDITIONS = "DEBUG $(inherited)";
				SWIFT_OPTIMIZATION_LEVEL = "-Onone";
			};
			name = Debug;
		};
		6E567E222BC56D2B00250C56 /* Release */ = {
			isa = XCBuildConfiguration;
			buildSettings = {
				ALWAYS_SEARCH_USER_PATHS = NO;
				ASSETCATALOG_COMPILER_GENERATE_SWIFT_ASSET_SYMBOL_EXTENSIONS = YES;
				CLANG_ANALYZER_NONNULL = YES;
				CLANG_ANALYZER_NUMBER_OBJECT_CONVERSION = YES_AGGRESSIVE;
				CLANG_CXX_LANGUAGE_STANDARD = "gnu++20";
				CLANG_ENABLE_MODULES = YES;
				CLANG_ENABLE_OBJC_ARC = YES;
				CLANG_ENABLE_OBJC_WEAK = YES;
				CLANG_WARN_BLOCK_CAPTURE_AUTORELEASING = YES;
				CLANG_WARN_BOOL_CONVERSION = YES;
				CLANG_WARN_COMMA = YES;
				CLANG_WARN_CONSTANT_CONVERSION = YES;
				CLANG_WARN_DEPRECATED_OBJC_IMPLEMENTATIONS = YES;
				CLANG_WARN_DIRECT_OBJC_ISA_USAGE = YES_ERROR;
				CLANG_WARN_DOCUMENTATION_COMMENTS = YES;
				CLANG_WARN_EMPTY_BODY = YES;
				CLANG_WARN_ENUM_CONVERSION = YES;
				CLANG_WARN_INFINITE_RECURSION = YES;
				CLANG_WARN_INT_CONVERSION = YES;
				CLANG_WARN_NON_LITERAL_NULL_CONVERSION = YES;
				CLANG_WARN_OBJC_IMPLICIT_RETAIN_SELF = YES;
				CLANG_WARN_OBJC_LITERAL_CONVERSION = YES;
				CLANG_WARN_OBJC_ROOT_CLASS = YES_ERROR;
				CLANG_WARN_QUOTED_INCLUDE_IN_FRAMEWORK_HEADER = YES;
				CLANG_WARN_RANGE_LOOP_ANALYSIS = YES;
				CLANG_WARN_STRICT_PROTOTYPES = YES;
				CLANG_WARN_SUSPICIOUS_MOVE = YES;
				CLANG_WARN_UNGUARDED_AVAILABILITY = YES_AGGRESSIVE;
				CLANG_WARN_UNREACHABLE_CODE = YES;
				CLANG_WARN__DUPLICATE_METHOD_MATCH = YES;
				COPY_PHASE_STRIP = NO;
				DEBUG_INFORMATION_FORMAT = "dwarf-with-dsym";
				ENABLE_NS_ASSERTIONS = NO;
				ENABLE_STRICT_OBJC_MSGSEND = YES;
				ENABLE_USER_SCRIPT_SANDBOXING = YES;
				GCC_C_LANGUAGE_STANDARD = gnu17;
				GCC_NO_COMMON_BLOCKS = YES;
				GCC_WARN_64_TO_32_BIT_CONVERSION = YES;
				GCC_WARN_ABOUT_RETURN_TYPE = YES_ERROR;
				GCC_WARN_UNDECLARED_SELECTOR = YES;
				GCC_WARN_UNINITIALIZED_AUTOS = YES_AGGRESSIVE;
				GCC_WARN_UNUSED_FUNCTION = YES;
				GCC_WARN_UNUSED_VARIABLE = YES;
				IPHONEOS_DEPLOYMENT_TARGET = 16.0;
				LOCALIZATION_PREFERS_STRING_CATALOGS = YES;
				MTL_ENABLE_DEBUG_INFO = NO;
				MTL_FAST_MATH = YES;
				SDKROOT = iphoneos;
				SWIFT_COMPILATION_MODE = wholemodule;
				VALIDATE_PRODUCT = YES;
			};
			name = Release;
		};
		6E567E242BC56D2B00250C56 /* Debug */ = {
			isa = XCBuildConfiguration;
			buildSettings = {
				ASSETCATALOG_COMPILER_APPICON_NAME = AppIcon;
				ASSETCATALOG_COMPILER_GLOBAL_ACCENT_COLOR_NAME = AccentColor;
				CODE_SIGN_STYLE = Automatic;
				CURRENT_PROJECT_VERSION = 1;
				DEVELOPMENT_TEAM = 75QZ7682T2;
				GENERATE_INFOPLIST_FILE = YES;
				INFOPLIST_FILE = KeyCat/Config/Info.plist;
				INFOPLIST_KEY_UIApplicationSupportsIndirectInputEvents = YES;
				INFOPLIST_KEY_UILaunchStoryboardName = LaunchScreen;
				INFOPLIST_KEY_UISupportedInterfaceOrientations = UIInterfaceOrientationPortrait;
				INFOPLIST_KEY_UISupportedInterfaceOrientations_iPad = "UIInterfaceOrientationLandscapeLeft UIInterfaceOrientationLandscapeRight UIInterfaceOrientationPortrait UIInterfaceOrientationPortraitUpsideDown";
				IPHONEOS_DEPLOYMENT_TARGET = 16.0;
				LD_RUNPATH_SEARCH_PATHS = (
					"$(inherited)",
					"@executable_path/Frameworks",
				);
				MARKETING_VERSION = 1.0;
				PRODUCT_BUNDLE_IDENTIFIER = com.Kaz.KeyCat;
				PRODUCT_NAME = "$(TARGET_NAME)";
				SUPPORTED_PLATFORMS = "iphoneos iphonesimulator";
				SUPPORTS_MACCATALYST = NO;
				SUPPORTS_MAC_DESIGNED_FOR_IPHONE_IPAD = NO;
				SUPPORTS_XR_DESIGNED_FOR_IPHONE_IPAD = NO;
				SWIFT_EMIT_LOC_STRINGS = YES;
				SWIFT_VERSION = 5.0;
				TARGETED_DEVICE_FAMILY = 1;
			};
			name = Debug;
		};
		6E567E252BC56D2B00250C56 /* Release */ = {
			isa = XCBuildConfiguration;
			buildSettings = {
				ASSETCATALOG_COMPILER_APPICON_NAME = AppIcon;
				ASSETCATALOG_COMPILER_GLOBAL_ACCENT_COLOR_NAME = AccentColor;
				CODE_SIGN_STYLE = Automatic;
				CURRENT_PROJECT_VERSION = 1;
				DEVELOPMENT_TEAM = 75QZ7682T2;
				GENERATE_INFOPLIST_FILE = YES;
				INFOPLIST_FILE = KeyCat/Config/Info.plist;
				INFOPLIST_KEY_UIApplicationSupportsIndirectInputEvents = YES;
				INFOPLIST_KEY_UILaunchStoryboardName = LaunchScreen;
				INFOPLIST_KEY_UISupportedInterfaceOrientations = UIInterfaceOrientationPortrait;
				INFOPLIST_KEY_UISupportedInterfaceOrientations_iPad = "UIInterfaceOrientationLandscapeLeft UIInterfaceOrientationLandscapeRight UIInterfaceOrientationPortrait UIInterfaceOrientationPortraitUpsideDown";
				IPHONEOS_DEPLOYMENT_TARGET = 16.0;
				LD_RUNPATH_SEARCH_PATHS = (
					"$(inherited)",
					"@executable_path/Frameworks",
				);
				MARKETING_VERSION = 1.0;
				PRODUCT_BUNDLE_IDENTIFIER = com.Kaz.KeyCat;
				PRODUCT_NAME = "$(TARGET_NAME)";
				SUPPORTED_PLATFORMS = "iphoneos iphonesimulator";
				SUPPORTS_MACCATALYST = NO;
				SUPPORTS_MAC_DESIGNED_FOR_IPHONE_IPAD = NO;
				SUPPORTS_XR_DESIGNED_FOR_IPHONE_IPAD = NO;
				SWIFT_EMIT_LOC_STRINGS = YES;
				SWIFT_VERSION = 5.0;
				TARGETED_DEVICE_FAMILY = 1;
			};
			name = Release;
		};
/* End XCBuildConfiguration section */

/* Begin XCConfigurationList section */
		6E567E0A2BC56D2800250C56 /* Build configuration list for PBXProject "KeyCat" */ = {
			isa = XCConfigurationList;
			buildConfigurations = (
				6E567E212BC56D2B00250C56 /* Debug */,
				6E567E222BC56D2B00250C56 /* Release */,
			);
			defaultConfigurationIsVisible = 0;
			defaultConfigurationName = Release;
		};
		6E567E232BC56D2B00250C56 /* Build configuration list for PBXNativeTarget "KeyCat" */ = {
			isa = XCConfigurationList;
			buildConfigurations = (
				6E567E242BC56D2B00250C56 /* Debug */,
				6E567E252BC56D2B00250C56 /* Release */,
			);
			defaultConfigurationIsVisible = 0;
			defaultConfigurationName = Release;
		};
/* End XCConfigurationList section */
	};
	rootObject = 6E567E072BC56D2800250C56 /* Project object */;
}
